
Microsoft Visual Studio Solution File, Format Version 12.00
# Visual Studio Version 16
VisualStudioVersion = 16.0.30907.101
MinimumVisualStudioVersion = 10.0.40219.1
Project("{9A19103F-16F7-4668-BE54-9A1E7A4F7556}") = "FreakyFashionServices.Catalog", "FreakyFashionServices.Catalog\FreakyFashionServices.Catalog.csproj", "{B423B494-DC33-4F7A-B6A1-AEA3E193115C}"
EndProject
Project("{9A19103F-16F7-4668-BE54-9A1E7A4F7556}") = "FreakyFashionServices.Basket", "FreakyFashionServices.Basket\FreakyFashionServices.Basket.csproj", "{DEC8DA00-FEF2-4AE6-A4AC-B34A28A9D5C0}"
EndProject
Project("{9A19103F-16F7-4668-BE54-9A1E7A4F7556}") = "FreakyFashionServices.ProductPrice", "FreakyFashionServices.ProductPrice\FreakyFashionServices.ProductPrice.csproj", "{3748C11A-C8A6-46CD-A109-638FA714DAA4}"
EndProject
Project("{9A19103F-16F7-4668-BE54-9A1E7A4F7556}") = "FreakyFashionServices.Order", "FreakyFashionServices.Order\FreakyFashionServices.Order.csproj", "{1E504300-6D13-4D50-B5C4-B9AD4B77C4B5}"
EndProject
Project("{9A19103F-16F7-4668-BE54-9A1E7A4F7556}") = "FreakyFashionServices.Gateway", "FreakyFashionServices.Gateway\FreakyFashionServices.Gateway.csproj", "{5DA21076-27D7-40B5-9458-2E407DF19177}"
EndProject
Project("{E53339B2-1760-4266-BCC7-CA923CBCF16C}") = "docker-compose", "docker-compose.dcproj", "{6FAFB4FF-37E3-467C-BA78-A4BF2B12F053}"
EndProject
Global
	GlobalSection(SolutionConfigurationPlatforms) = preSolution
		Debug|Any CPU = Debug|Any CPU
		Release|Any CPU = Release|Any CPU
	EndGlobalSection
	GlobalSection(ProjectConfigurationPlatforms) = postSolution
		{B423B494-DC33-4F7A-B6A1-AEA3E193115C}.Debug|Any CPU.ActiveCfg = Debug|Any CPU
		{B423B494-DC33-4F7A-B6A1-AEA3E193115C}.Debug|Any CPU.Build.0 = Debug|Any CPU
		{B423B494-DC33-4F7A-B6A1-AEA3E193115C}.Release|Any CPU.ActiveCfg = Release|Any CPU
		{B423B494-DC33-4F7A-B6A1-AEA3E193115C}.Release|Any CPU.Build.0 = Release|Any CPU
		{DEC8DA00-FEF2-4AE6-A4AC-B34A28A9D5C0}.Debug|Any CPU.ActiveCfg = Debug|Any CPU
		{DEC8DA00-FEF2-4AE6-A4AC-B34A28A9D5C0}.Debug|Any CPU.Build.0 = Debug|Any CPU
		{DEC8DA00-FEF2-4AE6-A4AC-B34A28A9D5C0}.Release|Any CPU.ActiveCfg = Release|Any CPU
		{DEC8DA00-FEF2-4AE6-A4AC-B34A28A9D5C0}.Release|Any CPU.Build.0 = Release|Any CPU
		{3748C11A-C8A6-46CD-A109-638FA714DAA4}.Debug|Any CPU.ActiveCfg = Debug|Any CPU
		{3748C11A-C8A6-46CD-A109-638FA714DAA4}.Debug|Any CPU.Build.0 = Debug|Any CPU
		{3748C11A-C8A6-46CD-A109-638FA714DAA4}.Release|Any CPU.ActiveCfg = Release|Any CPU
		{3748C11A-C8A6-46CD-A109-638FA714DAA4}.Release|Any CPU.Build.0 = Release|Any CPU
		{1E504300-6D13-4D50-B5C4-B9AD4B77C4B5}.Debug|Any CPU.ActiveCfg = Debug|Any CPU
		{1E504300-6D13-4D50-B5C4-B9AD4B77C4B5}.Debug|Any CPU.Build.0 = Debug|Any CPU
		{1E504300-6D13-4D50-B5C4-B9AD4B77C4B5}.Release|Any CPU.ActiveCfg = Release|Any CPU
		{1E504300-6D13-4D50-B5C4-B9AD4B77C4B5}.Release|Any CPU.Build.0 = Release|Any CPU
		{5DA21076-27D7-40B5-9458-2E407DF19177}.Debug|Any CPU.ActiveCfg = Debug|Any CPU
		{5DA21076-27D7-40B5-9458-2E407DF19177}.Debug|Any CPU.Build.0 = Debug|Any CPU
		{5DA21076-27D7-40B5-9458-2E407DF19177}.Release|Any CPU.ActiveCfg = Release|Any CPU
		{5DA21076-27D7-40B5-9458-2E407DF19177}.Release|Any CPU.Build.0 = Release|Any CPU
		{6FAFB4FF-37E3-467C-BA78-A4BF2B12F053}.Debug|Any CPU.ActiveCfg = Debug|Any CPU
		{6FAFB4FF-37E3-467C-BA78-A4BF2B12F053}.Debug|Any CPU.Build.0 = Debug|Any CPU
		{6FAFB4FF-37E3-467C-BA78-A4BF2B12F053}.Release|Any CPU.ActiveCfg = Release|Any CPU
		{6FAFB4FF-37E3-467C-BA78-A4BF2B12F053}.Release|Any CPU.Build.0 = Release|Any CPU
	EndGlobalSection
	GlobalSection(SolutionProperties) = preSolution
		HideSolutionNode = FALSE
	EndGlobalSection
	GlobalSection(ExtensibilityGlobals) = postSolution
		SolutionGuid = {ED813A05-5B96-44E0-A87F-437C6135F56F}
	EndGlobalSection
EndGlobal
