
Microsoft Visual Studio Solution File, Format Version 12.00
# Visual Studio Version 16
VisualStudioVersion = 16.0.30907.101
MinimumVisualStudioVersion = 10.0.40219.1
Project("{9A19103F-16F7-4668-BE54-9A1E7A4F7556}") = "FreakyFashionServices.Catalog", "FreakyFashionServices.Catalog\FreakyFashionServices.Catalog.csproj", "{B423B494-DC33-4F7A-B6A1-AEA3E193115C}"
EndProject
Project("{E53339B2-1760-4266-BCC7-CA923CBCF16C}") = "docker-compose", "docker-compose.dcproj", "{C7AD8F1A-598F-4DF0-BE95-3D2BF03C4BBA}"
EndProject
Global
	GlobalSection(SolutionConfigurationPlatforms) = preSolution
		Debug|Any CPU = Debug|Any CPU
		Release|Any CPU = Release|Any CPU
	EndGlobalSection
	GlobalSection(ProjectConfigurationPlatforms) = postSolution
		{B423B494-DC33-4F7A-B6A1-AEA3E193115C}.Debug|Any CPU.ActiveCfg = Debug|Any CPU
		{B423B494-DC33-4F7A-B6A1-AEA3E193115C}.Debug|Any CPU.Build.0 = Debug|Any CPU
		{B423B494-DC33-4F7A-B6A1-AEA3E193115C}.Release|Any CPU.ActiveCfg = Release|Any CPU
		{B423B494-DC33-4F7A-B6A1-AEA3E193115C}.Release|Any CPU.Build.0 = Release|Any CPU
		{C7AD8F1A-598F-4DF0-BE95-3D2BF03C4BBA}.Debug|Any CPU.ActiveCfg = Debug|Any CPU
		{C7AD8F1A-598F-4DF0-BE95-3D2BF03C4BBA}.Debug|Any CPU.Build.0 = Debug|Any CPU
		{C7AD8F1A-598F-4DF0-BE95-3D2BF03C4BBA}.Release|Any CPU.ActiveCfg = Release|Any CPU
		{C7AD8F1A-598F-4DF0-BE95-3D2BF03C4BBA}.Release|Any CPU.Build.0 = Release|Any CPU
	EndGlobalSection
	GlobalSection(SolutionProperties) = preSolution
		HideSolutionNode = FALSE
	EndGlobalSection
	GlobalSection(ExtensibilityGlobals) = postSolution
		SolutionGuid = {ED813A05-5B96-44E0-A87F-437C6135F56F}
	EndGlobalSection
EndGlobal
